
Microsoft Visual Studio Solution File, Format Version 12.00
# Visual Studio Version 16
VisualStudioVersion = 16.0.29001.49
MinimumVisualStudioVersion = 10.0.40219.1
Project("{9A19103F-16F7-4668-BE54-9A1E7A4F7556}") = "TinyCRM", "..\..\TinyCRM\TinyCRM\TinyCRM.csproj", "{9C9958E7-8029-4FBD-9DD2-4CD01B2AFF8F}"
EndProject
Project("{FAE04EC0-301F-11D3-BF4B-00C04F79EFBC}") = "ToDoAppPhase1", "..\..\TodoAppPhase1\ToDoAppPhase1\ToDoAppPhase1.csproj", "{B9682B04-6759-48F5-8D6C-C6F5F28B4F06}"
EndProject
Project("{FAE04EC0-301F-11D3-BF4B-00C04F79EFBC}") = "ToDoAppPhase2", "..\..\TodoAppPhase2\ToDoAppPhase1\ToDoAppPhase2.csproj", "{881AF74F-A30C-4D89-B8B0-932065D53C6D}"
EndProject
Project("{FAE04EC0-301F-11D3-BF4B-00C04F79EFBC}") = "TodoAppPhase3", "..\..\TodoAppPhase3\TodoAppPhase3\TodoAppPhase3.csproj", "{A8794444-102F-468B-BD5F-229EF72F7A11}"
EndProject
Project("{FAE04EC0-301F-11D3-BF4B-00C04F79EFBC}") = "WinformCalculator", "..\..\WinformCalculator\WinformCalculator\WinformCalculator.csproj", "{A753DF17-F712-403E-BF5D-1D14771451F8}"
EndProject
Project("{9A19103F-16F7-4668-BE54-9A1E7A4F7556}") = "ConsoleCalculator", "..\..\ConsoleCalculator\ConsoleCalculator\ConsoleCalculator.csproj", "{59FC3551-9189-45B1-930E-897740011431}"
EndProject
Global
	GlobalSection(SolutionConfigurationPlatforms) = preSolution
		Debug|Any CPU = Debug|Any CPU
		Release|Any CPU = Release|Any CPU
	EndGlobalSection
	GlobalSection(ProjectConfigurationPlatforms) = postSolution
		{9C9958E7-8029-4FBD-9DD2-4CD01B2AFF8F}.Debug|Any CPU.ActiveCfg = Debug|Any CPU
		{9C9958E7-8029-4FBD-9DD2-4CD01B2AFF8F}.Debug|Any CPU.Build.0 = Debug|Any CPU
		{9C9958E7-8029-4FBD-9DD2-4CD01B2AFF8F}.Release|Any CPU.ActiveCfg = Release|Any CPU
		{9C9958E7-8029-4FBD-9DD2-4CD01B2AFF8F}.Release|Any CPU.Build.0 = Release|Any CPU
		{B9682B04-6759-48F5-8D6C-C6F5F28B4F06}.Debug|Any CPU.ActiveCfg = Debug|Any CPU
		{B9682B04-6759-48F5-8D6C-C6F5F28B4F06}.Debug|Any CPU.Build.0 = Debug|Any CPU
		{B9682B04-6759-48F5-8D6C-C6F5F28B4F06}.Release|Any CPU.ActiveCfg = Release|Any CPU
		{B9682B04-6759-48F5-8D6C-C6F5F28B4F06}.Release|Any CPU.Build.0 = Release|Any CPU
		{881AF74F-A30C-4D89-B8B0-932065D53C6D}.Debug|Any CPU.ActiveCfg = Debug|Any CPU
		{881AF74F-A30C-4D89-B8B0-932065D53C6D}.Debug|Any CPU.Build.0 = Debug|Any CPU
		{881AF74F-A30C-4D89-B8B0-932065D53C6D}.Release|Any CPU.ActiveCfg = Release|Any CPU
		{881AF74F-A30C-4D89-B8B0-932065D53C6D}.Release|Any CPU.Build.0 = Release|Any CPU
		{A8794444-102F-468B-BD5F-229EF72F7A11}.Debug|Any CPU.ActiveCfg = Debug|Any CPU
		{A8794444-102F-468B-BD5F-229EF72F7A11}.Debug|Any CPU.Build.0 = Debug|Any CPU
		{A8794444-102F-468B-BD5F-229EF72F7A11}.Release|Any CPU.ActiveCfg = Release|Any CPU
		{A8794444-102F-468B-BD5F-229EF72F7A11}.Release|Any CPU.Build.0 = Release|Any CPU
		{A753DF17-F712-403E-BF5D-1D14771451F8}.Debug|Any CPU.ActiveCfg = Debug|Any CPU
		{A753DF17-F712-403E-BF5D-1D14771451F8}.Debug|Any CPU.Build.0 = Debug|Any CPU
		{A753DF17-F712-403E-BF5D-1D14771451F8}.Release|Any CPU.ActiveCfg = Release|Any CPU
		{A753DF17-F712-403E-BF5D-1D14771451F8}.Release|Any CPU.Build.0 = Release|Any CPU
		{59FC3551-9189-45B1-930E-897740011431}.Debug|Any CPU.ActiveCfg = Debug|Any CPU
		{59FC3551-9189-45B1-930E-897740011431}.Debug|Any CPU.Build.0 = Debug|Any CPU
		{59FC3551-9189-45B1-930E-897740011431}.Release|Any CPU.ActiveCfg = Release|Any CPU
		{59FC3551-9189-45B1-930E-897740011431}.Release|Any CPU.Build.0 = Release|Any CPU
	EndGlobalSection
	GlobalSection(SolutionProperties) = preSolution
		HideSolutionNode = FALSE
	EndGlobalSection
	GlobalSection(ExtensibilityGlobals) = postSolution
		SolutionGuid = {B16D7956-9EAA-452F-A327-CC757BDFF032}
	EndGlobalSection
EndGlobal
